
Microsoft Visual Studio Solution File, Format Version 12.00
# Visual Studio 15
VisualStudioVersion = 15.0.27428.2027
MinimumVisualStudioVersion = 10.0.40219.1
Project("{FAE04EC0-301F-11D3-BF4B-00C04F79EFBC}") = "vstsdemo3", "vstsdemo3\vstsdemo3.csproj", "{626BEC1A-8432-4644-920F-D00385E381C9}"
EndProject
Global
	GlobalSection(SolutionConfigurationPlatforms) = preSolution
		Debug|Any CPU = Debug|Any CPU
		Release|Any CPU = Release|Any CPU
	EndGlobalSection
	GlobalSection(ProjectConfigurationPlatforms) = postSolution
		{626BEC1A-8432-4644-920F-D00385E381C9}.Debug|Any CPU.ActiveCfg = Debug|Any CPU
		{626BEC1A-8432-4644-920F-D00385E381C9}.Debug|Any CPU.Build.0 = Debug|Any CPU
		{626BEC1A-8432-4644-920F-D00385E381C9}.Release|Any CPU.ActiveCfg = Release|Any CPU
		{626BEC1A-8432-4644-920F-D00385E381C9}.Release|Any CPU.Build.0 = Release|Any CPU
	EndGlobalSection
	GlobalSection(SolutionProperties) = preSolution
		HideSolutionNode = FALSE
	EndGlobalSection
	GlobalSection(ExtensibilityGlobals) = postSolution
		SolutionGuid = {81614B2C-25A4-436C-8F95-1EA8F8EF84F7}
	EndGlobalSection
EndGlobal
